
Microsoft Visual Studio Solution File, Format Version 12.00
# Visual Studio Version 16
VisualStudioVersion = 16.0.33927.289
MinimumVisualStudioVersion = 10.0.40219.1
Project("{2150E333-8FDC-42A3-9474-1A3956D46DE8}") = "Task0", "Task0", "{EC4780F1-2AEC-4488-9399-7C9C90637B71}"
EndProject
Project("{FAE04EC0-301F-11D3-BF4B-00C04F79EFBC}") = "Tyuiu.DubrovinSN.Sprint3.Task0.V19", "Tyuiu.DubrovinSN.Sprint3.Task0.V19\Tyuiu.DubrovinSN.Sprint3.Task0.V19.csproj", "{830C6A03-904B-4884-97D3-6EFFDC053B37}"
EndProject
Project("{FAE04EC0-301F-11D3-BF4B-00C04F79EFBC}") = "Tyuiu.DubrovinSN.Sprint3.Task0.V19.Lib", "Tyuiu.DubrovinSN.Sprint3.Task0.V19.Lib\Tyuiu.DubrovinSN.Sprint3.Task0.V19.Lib.csproj", "{1ED9470E-727E-4AB2-9D56-1FC2BAFF35EF}"
EndProject
Project("{FAE04EC0-301F-11D3-BF4B-00C04F79EFBC}") = "Tyuiu.DubrovinSN.Sprint3.Task0.V19.Test", "Tyuiu.DubrovinSN.Sprint3.Task0.V19.Test\Tyuiu.DubrovinSN.Sprint3.Task0.V19.Test.csproj", "{1D20E0E8-9AB2-4E08-A239-D94249B5D27B}"
EndProject
Project("{2150E333-8FDC-42A3-9474-1A3956D46DE8}") = "Task1", "Task1", "{CB17EECC-FDE2-428F-BA32-0BEB7A1A58D8}"
EndProject
Project("{FAE04EC0-301F-11D3-BF4B-00C04F79EFBC}") = "Tyuiu.DubrovinSN.Sprint3.Task1.V19", "Tyuiu.DubrovinSN.Sprint3.Task1.V19\Tyuiu.DubrovinSN.Sprint3.Task1.V19.csproj", "{257745DF-3164-4242-B025-15038A835853}"
EndProject
Project("{FAE04EC0-301F-11D3-BF4B-00C04F79EFBC}") = "Tyuiu.DubrovinSN.Sprint3.Task1.V19.Lib", "Tyuiu.DubrovinSN.Sprint3.Task1.V19.Lib\Tyuiu.DubrovinSN.Sprint3.Task1.V19.Lib.csproj", "{EC27E870-558C-473F-AD10-674AA4A32D39}"
EndProject
Project("{FAE04EC0-301F-11D3-BF4B-00C04F79EFBC}") = "Tyuiu.DubrovinSN.Sprint3.Task1.V19.Test", "Tyuiu.DubrovinSN.Sprint3.Task1.V19.Test\Tyuiu.DubrovinSN.Sprint3.Task1.V19.Test.csproj", "{2460DBB6-FA09-404E-9FD4-443A25153933}"
EndProject
Project("{2150E333-8FDC-42A3-9474-1A3956D46DE8}") = "Task2", "Task2", "{89B78074-0390-42B9-A8DE-574048EB6624}"
EndProject
Project("{FAE04EC0-301F-11D3-BF4B-00C04F79EFBC}") = "Tyuiu.DubrovinSN.Sprint3.Task2.V9", "Tyuiu.DubrovinSN.Sprint3.Task2.V9\Tyuiu.DubrovinSN.Sprint3.Task2.V9.csproj", "{90411D82-7E2C-4DD3-ABF3-D316F3EF7543}"
EndProject
Project("{FAE04EC0-301F-11D3-BF4B-00C04F79EFBC}") = "Tyuiu.DubrovinSN.Sprint3.Task2.V9.Lib", "Tyuiu.DubrovinSN.Sprint3.Task2.V9.Lib\Tyuiu.DubrovinSN.Sprint3.Task2.V9.Lib.csproj", "{879B9051-2D0A-4C47-8AF2-2098D9A2645B}"
EndProject
Project("{FAE04EC0-301F-11D3-BF4B-00C04F79EFBC}") = "Tyuiu.DubrovinSN.Sprint3.Task2.V9.Test", "Tyuiu.DubrovinSN.Sprint3.Task2.V9.Test\Tyuiu.DubrovinSN.Sprint3.Task2.V9.Test.csproj", "{073A1289-585F-4ADB-9F45-DDFE5513A6F0}"
EndProject
Project("{2150E333-8FDC-42A3-9474-1A3956D46DE8}") = "Task3", "Task3", "{6BF4FF37-21FB-4763-9470-B601F909C389}"
EndProject
Project("{FAE04EC0-301F-11D3-BF4B-00C04F79EFBC}") = "Tyuiu.DubrovinSN.Sprint3.Task3.V6", "Tyuiu.DubrovinSN.Sprint3.Task3.V6\Tyuiu.DubrovinSN.Sprint3.Task3.V6.csproj", "{A43AC111-5BE8-4593-9407-196106FD494A}"
EndProject
Project("{FAE04EC0-301F-11D3-BF4B-00C04F79EFBC}") = "Tyuiu.DubrovinSN.Sprint3.Task3.V6.Lib", "Tyuiu.DubrovinSN.Sprint3.Task3.V6.Lib\Tyuiu.DubrovinSN.Sprint3.Task3.V6.Lib.csproj", "{F9C06623-8C8D-4A5A-A9F2-CFBA0E9A3217}"
EndProject
Project("{FAE04EC0-301F-11D3-BF4B-00C04F79EFBC}") = "Tyuiu.DubrovinSN.Sprint3.Task3.V6.Test", "Tyuiu.DubrovinSN.Sprint3.Task3.V6.Test\Tyuiu.DubrovinSN.Sprint3.Task3.V6.Test.csproj", "{829F87A7-5BE1-4EBA-BC5A-817C0E4F0D96}"
EndProject
Project("{2150E333-8FDC-42A3-9474-1A3956D46DE8}") = "Task4", "Task4", "{126D55DC-D4E1-4719-8822-4D4EF56C1C5A}"
EndProject
Project("{FAE04EC0-301F-11D3-BF4B-00C04F79EFBC}") = "Tyuiu.DubrovinSN.Sprint3.Task4.V9", "Tyuiu.DubrovinSN.Sprint3.Task4.V9\Tyuiu.DubrovinSN.Sprint3.Task4.V9.csproj", "{4178A5EB-3819-49AB-A4E0-13DED702FA54}"
EndProject
Project("{FAE04EC0-301F-11D3-BF4B-00C04F79EFBC}") = "Tyuiu.DubrovinSN.Sprint3.Task4.V9.Lib", "Tyuiu.DubrovinSN.Sprint3.Task4.V9.Lib\Tyuiu.DubrovinSN.Sprint3.Task4.V9.Lib.csproj", "{5A6F67A7-B320-43D5-A034-E6E69F2ADDED}"
EndProject
Project("{FAE04EC0-301F-11D3-BF4B-00C04F79EFBC}") = "Tyuiu.DubrovinSN.Sprint3.Task4.V9.Test", "Tyuiu.DubrovinSN.Sprint3.Task4.V9.Test\Tyuiu.DubrovinSN.Sprint3.Task4.V9.Test.csproj", "{F9C57C36-77D5-44E4-B805-A7004B58A003}"
EndProject
Project("{2150E333-8FDC-42A3-9474-1A3956D46DE8}") = "Task5", "Task5", "{A3F456BD-1F67-4994-9694-0DDDA1A0E1A7}"
EndProject
Project("{FAE04EC0-301F-11D3-BF4B-00C04F79EFBC}") = "Tyuiu.DubrovinSN.Sprint3.Task5.V25", "Tyuiu.DubrovinSN.Sprint3.Task5.V25\Tyuiu.DubrovinSN.Sprint3.Task5.V25.csproj", "{D5D0C6AC-1AF2-4710-AC5F-209396C2AC97}"
EndProject
Project("{FAE04EC0-301F-11D3-BF4B-00C04F79EFBC}") = "Tyuiu.DubrovinSN.Sprint3.Task5.V25.Lib", "Tyuiu.DubrovinSN.Sprint3.Task5.V25.Lib\Tyuiu.DubrovinSN.Sprint3.Task5.V25.Lib.csproj", "{12BFBC53-77C7-446F-B0C3-9531F4375600}"
EndProject
Project("{FAE04EC0-301F-11D3-BF4B-00C04F79EFBC}") = "Tyuiu.DubrovinSN.Sprint3.Task5.V25.Test", "Tyuiu.DubrovinSN.Sprint3.Task5.V25.Test\Tyuiu.DubrovinSN.Sprint3.Task5.V25.Test.csproj", "{652CBFF0-EE16-4A28-98A3-CC39AAC1E42F}"
EndProject
Global
	GlobalSection(SolutionConfigurationPlatforms) = preSolution
		Debug|Any CPU = Debug|Any CPU
		Release|Any CPU = Release|Any CPU
	EndGlobalSection
	GlobalSection(ProjectConfigurationPlatforms) = postSolution
		{830C6A03-904B-4884-97D3-6EFFDC053B37}.Debug|Any CPU.ActiveCfg = Debug|Any CPU
		{830C6A03-904B-4884-97D3-6EFFDC053B37}.Debug|Any CPU.Build.0 = Debug|Any CPU
		{830C6A03-904B-4884-97D3-6EFFDC053B37}.Release|Any CPU.ActiveCfg = Release|Any CPU
		{830C6A03-904B-4884-97D3-6EFFDC053B37}.Release|Any CPU.Build.0 = Release|Any CPU
		{1ED9470E-727E-4AB2-9D56-1FC2BAFF35EF}.Debug|Any CPU.ActiveCfg = Debug|Any CPU
		{1ED9470E-727E-4AB2-9D56-1FC2BAFF35EF}.Debug|Any CPU.Build.0 = Debug|Any CPU
		{1ED9470E-727E-4AB2-9D56-1FC2BAFF35EF}.Release|Any CPU.ActiveCfg = Release|Any CPU
		{1ED9470E-727E-4AB2-9D56-1FC2BAFF35EF}.Release|Any CPU.Build.0 = Release|Any CPU
		{1D20E0E8-9AB2-4E08-A239-D94249B5D27B}.Debug|Any CPU.ActiveCfg = Debug|Any CPU
		{1D20E0E8-9AB2-4E08-A239-D94249B5D27B}.Debug|Any CPU.Build.0 = Debug|Any CPU
		{1D20E0E8-9AB2-4E08-A239-D94249B5D27B}.Release|Any CPU.ActiveCfg = Release|Any CPU
		{1D20E0E8-9AB2-4E08-A239-D94249B5D27B}.Release|Any CPU.Build.0 = Release|Any CPU
		{257745DF-3164-4242-B025-15038A835853}.Debug|Any CPU.ActiveCfg = Debug|Any CPU
		{257745DF-3164-4242-B025-15038A835853}.Debug|Any CPU.Build.0 = Debug|Any CPU
		{257745DF-3164-4242-B025-15038A835853}.Release|Any CPU.ActiveCfg = Release|Any CPU
		{257745DF-3164-4242-B025-15038A835853}.Release|Any CPU.Build.0 = Release|Any CPU
		{EC27E870-558C-473F-AD10-674AA4A32D39}.Debug|Any CPU.ActiveCfg = Debug|Any CPU
		{EC27E870-558C-473F-AD10-674AA4A32D39}.Debug|Any CPU.Build.0 = Debug|Any CPU
		{EC27E870-558C-473F-AD10-674AA4A32D39}.Release|Any CPU.ActiveCfg = Release|Any CPU
		{EC27E870-558C-473F-AD10-674AA4A32D39}.Release|Any CPU.Build.0 = Release|Any CPU
		{2460DBB6-FA09-404E-9FD4-443A25153933}.Debug|Any CPU.ActiveCfg = Debug|Any CPU
		{2460DBB6-FA09-404E-9FD4-443A25153933}.Debug|Any CPU.Build.0 = Debug|Any CPU
		{2460DBB6-FA09-404E-9FD4-443A25153933}.Release|Any CPU.ActiveCfg = Release|Any CPU
		{2460DBB6-FA09-404E-9FD4-443A25153933}.Release|Any CPU.Build.0 = Release|Any CPU
		{90411D82-7E2C-4DD3-ABF3-D316F3EF7543}.Debug|Any CPU.ActiveCfg = Debug|Any CPU
		{90411D82-7E2C-4DD3-ABF3-D316F3EF7543}.Debug|Any CPU.Build.0 = Debug|Any CPU
		{90411D82-7E2C-4DD3-ABF3-D316F3EF7543}.Release|Any CPU.ActiveCfg = Release|Any CPU
		{90411D82-7E2C-4DD3-ABF3-D316F3EF7543}.Release|Any CPU.Build.0 = Release|Any CPU
		{879B9051-2D0A-4C47-8AF2-2098D9A2645B}.Debug|Any CPU.ActiveCfg = Debug|Any CPU
		{879B9051-2D0A-4C47-8AF2-2098D9A2645B}.Debug|Any CPU.Build.0 = Debug|Any CPU
		{879B9051-2D0A-4C47-8AF2-2098D9A2645B}.Release|Any CPU.ActiveCfg = Release|Any CPU
		{879B9051-2D0A-4C47-8AF2-2098D9A2645B}.Release|Any CPU.Build.0 = Release|Any CPU
		{073A1289-585F-4ADB-9F45-DDFE5513A6F0}.Debug|Any CPU.ActiveCfg = Debug|Any CPU
		{073A1289-585F-4ADB-9F45-DDFE5513A6F0}.Debug|Any CPU.Build.0 = Debug|Any CPU
		{073A1289-585F-4ADB-9F45-DDFE5513A6F0}.Release|Any CPU.ActiveCfg = Release|Any CPU
		{073A1289-585F-4ADB-9F45-DDFE5513A6F0}.Release|Any CPU.Build.0 = Release|Any CPU
		{A43AC111-5BE8-4593-9407-196106FD494A}.Debug|Any CPU.ActiveCfg = Debug|Any CPU
		{A43AC111-5BE8-4593-9407-196106FD494A}.Debug|Any CPU.Build.0 = Debug|Any CPU
		{A43AC111-5BE8-4593-9407-196106FD494A}.Release|Any CPU.ActiveCfg = Release|Any CPU
		{A43AC111-5BE8-4593-9407-196106FD494A}.Release|Any CPU.Build.0 = Release|Any CPU
		{F9C06623-8C8D-4A5A-A9F2-CFBA0E9A3217}.Debug|Any CPU.ActiveCfg = Debug|Any CPU
		{F9C06623-8C8D-4A5A-A9F2-CFBA0E9A3217}.Debug|Any CPU.Build.0 = Debug|Any CPU
		{F9C06623-8C8D-4A5A-A9F2-CFBA0E9A3217}.Release|Any CPU.ActiveCfg = Release|Any CPU
		{F9C06623-8C8D-4A5A-A9F2-CFBA0E9A3217}.Release|Any CPU.Build.0 = Release|Any CPU
		{829F87A7-5BE1-4EBA-BC5A-817C0E4F0D96}.Debug|Any CPU.ActiveCfg = Debug|Any CPU
		{829F87A7-5BE1-4EBA-BC5A-817C0E4F0D96}.Debug|Any CPU.Build.0 = Debug|Any CPU
		{829F87A7-5BE1-4EBA-BC5A-817C0E4F0D96}.Release|Any CPU.ActiveCfg = Release|Any CPU
		{829F87A7-5BE1-4EBA-BC5A-817C0E4F0D96}.Release|Any CPU.Build.0 = Release|Any CPU
		{4178A5EB-3819-49AB-A4E0-13DED702FA54}.Debug|Any CPU.ActiveCfg = Debug|Any CPU
		{4178A5EB-3819-49AB-A4E0-13DED702FA54}.Debug|Any CPU.Build.0 = Debug|Any CPU
		{4178A5EB-3819-49AB-A4E0-13DED702FA54}.Release|Any CPU.ActiveCfg = Release|Any CPU
		{4178A5EB-3819-49AB-A4E0-13DED702FA54}.Release|Any CPU.Build.0 = Release|Any CPU
		{5A6F67A7-B320-43D5-A034-E6E69F2ADDED}.Debug|Any CPU.ActiveCfg = Debug|Any CPU
		{5A6F67A7-B320-43D5-A034-E6E69F2ADDED}.Debug|Any CPU.Build.0 = Debug|Any CPU
		{5A6F67A7-B320-43D5-A034-E6E69F2ADDED}.Release|Any CPU.ActiveCfg = Release|Any CPU
		{5A6F67A7-B320-43D5-A034-E6E69F2ADDED}.Release|Any CPU.Build.0 = Release|Any CPU
		{F9C57C36-77D5-44E4-B805-A7004B58A003}.Debug|Any CPU.ActiveCfg = Debug|Any CPU
		{F9C57C36-77D5-44E4-B805-A7004B58A003}.Debug|Any CPU.Build.0 = Debug|Any CPU
		{F9C57C36-77D5-44E4-B805-A7004B58A003}.Release|Any CPU.ActiveCfg = Release|Any CPU
		{F9C57C36-77D5-44E4-B805-A7004B58A003}.Release|Any CPU.Build.0 = Release|Any CPU
		{D5D0C6AC-1AF2-4710-AC5F-209396C2AC97}.Debug|Any CPU.ActiveCfg = Debug|Any CPU
		{D5D0C6AC-1AF2-4710-AC5F-209396C2AC97}.Debug|Any CPU.Build.0 = Debug|Any CPU
		{D5D0C6AC-1AF2-4710-AC5F-209396C2AC97}.Release|Any CPU.ActiveCfg = Release|Any CPU
		{D5D0C6AC-1AF2-4710-AC5F-209396C2AC97}.Release|Any CPU.Build.0 = Release|Any CPU
		{12BFBC53-77C7-446F-B0C3-9531F4375600}.Debug|Any CPU.ActiveCfg = Debug|Any CPU
		{12BFBC53-77C7-446F-B0C3-9531F4375600}.Debug|Any CPU.Build.0 = Debug|Any CPU
		{12BFBC53-77C7-446F-B0C3-9531F4375600}.Release|Any CPU.ActiveCfg = Release|Any CPU
		{12BFBC53-77C7-446F-B0C3-9531F4375600}.Release|Any CPU.Build.0 = Release|Any CPU
		{652CBFF0-EE16-4A28-98A3-CC39AAC1E42F}.Debug|Any CPU.ActiveCfg = Debug|Any CPU
		{652CBFF0-EE16-4A28-98A3-CC39AAC1E42F}.Debug|Any CPU.Build.0 = Debug|Any CPU
		{652CBFF0-EE16-4A28-98A3-CC39AAC1E42F}.Release|Any CPU.ActiveCfg = Release|Any CPU
		{652CBFF0-EE16-4A28-98A3-CC39AAC1E42F}.Release|Any CPU.Build.0 = Release|Any CPU
	EndGlobalSection
	GlobalSection(SolutionProperties) = preSolution
		HideSolutionNode = FALSE
	EndGlobalSection
	GlobalSection(NestedProjects) = preSolution
		{830C6A03-904B-4884-97D3-6EFFDC053B37} = {EC4780F1-2AEC-4488-9399-7C9C90637B71}
		{1ED9470E-727E-4AB2-9D56-1FC2BAFF35EF} = {EC4780F1-2AEC-4488-9399-7C9C90637B71}
		{1D20E0E8-9AB2-4E08-A239-D94249B5D27B} = {EC4780F1-2AEC-4488-9399-7C9C90637B71}
		{257745DF-3164-4242-B025-15038A835853} = {CB17EECC-FDE2-428F-BA32-0BEB7A1A58D8}
		{EC27E870-558C-473F-AD10-674AA4A32D39} = {CB17EECC-FDE2-428F-BA32-0BEB7A1A58D8}
		{2460DBB6-FA09-404E-9FD4-443A25153933} = {CB17EECC-FDE2-428F-BA32-0BEB7A1A58D8}
		{90411D82-7E2C-4DD3-ABF3-D316F3EF7543} = {89B78074-0390-42B9-A8DE-574048EB6624}
		{879B9051-2D0A-4C47-8AF2-2098D9A2645B} = {89B78074-0390-42B9-A8DE-574048EB6624}
		{073A1289-585F-4ADB-9F45-DDFE5513A6F0} = {89B78074-0390-42B9-A8DE-574048EB6624}
		{A43AC111-5BE8-4593-9407-196106FD494A} = {6BF4FF37-21FB-4763-9470-B601F909C389}
		{F9C06623-8C8D-4A5A-A9F2-CFBA0E9A3217} = {6BF4FF37-21FB-4763-9470-B601F909C389}
		{829F87A7-5BE1-4EBA-BC5A-817C0E4F0D96} = {6BF4FF37-21FB-4763-9470-B601F909C389}
		{4178A5EB-3819-49AB-A4E0-13DED702FA54} = {126D55DC-D4E1-4719-8822-4D4EF56C1C5A}
		{5A6F67A7-B320-43D5-A034-E6E69F2ADDED} = {126D55DC-D4E1-4719-8822-4D4EF56C1C5A}
		{F9C57C36-77D5-44E4-B805-A7004B58A003} = {126D55DC-D4E1-4719-8822-4D4EF56C1C5A}
		{D5D0C6AC-1AF2-4710-AC5F-209396C2AC97} = {A3F456BD-1F67-4994-9694-0DDDA1A0E1A7}
		{12BFBC53-77C7-446F-B0C3-9531F4375600} = {A3F456BD-1F67-4994-9694-0DDDA1A0E1A7}
		{652CBFF0-EE16-4A28-98A3-CC39AAC1E42F} = {A3F456BD-1F67-4994-9694-0DDDA1A0E1A7}
	EndGlobalSection
	GlobalSection(ExtensibilityGlobals) = postSolution
		SolutionGuid = {3ED9D15B-B5A3-452D-86C8-E1BEE679E138}
	EndGlobalSection
EndGlobal
